<?xml version="1.0" encoding="utf-8"?>
<Project ToolsVersion="4.0" xmlns="http://schemas.microsoft.com/developer/msbuild/2003">
  <ItemGroup>
    <FxCompile Include="PixelShader.hlsl" />
    <FxCompile Include="VertexShader.hlsl" />
    <FxCompile Include="GeometryShader.hlsl" />
  </ItemGroup>
  <ItemGroup>
    <ClCompile Include="main.cpp" />
    <ClCompile Include="ImaginaryObject.cpp">
      <Filter>Objects\Imaginary Objects</Filter>
    </ClCompile>
    <ClCompile Include="Flotilla.cpp">
      <Filter>Flotilla</Filter>
    </ClCompile>
    <ClCompile Include="Object.cpp">
      <Filter>Objects</Filter>
    </ClCompile>
    <ClCompile Include="SystemManager.cpp">
      <Filter>Managers\System Manager</Filter>
    </ClCompile>
    <ClCompile Include="Transform.cpp">
      <Filter>Objects\Object Component\Transform</Filter>
    </ClCompile>
    <ClCompile Include="Vector3D.cpp">
      <Filter>Vector\Vector3D</Filter>
    </ClCompile>
    <ClCompile Include="Camera.cpp">
      <Filter>Camera</Filter>
    </ClCompile>
    <ClCompile Include="Debug.cpp">
      <Filter>Debug</Filter>
    </ClCompile>
    <ClCompile Include="PhysicalObject.cpp">
      <Filter>Objects\Physical Object</Filter>
    </ClCompile>
    <ClCompile Include="GameObject.cpp">
      <Filter>Objects\Game Object</Filter>
    </ClCompile>
    <ClCompile Include="ParticleModel.cpp">
      <Filter>Objects\Object Component\Particle Model</Filter>
    </ClCompile>
    <ClCompile Include="RigidBody.cpp">
      <Filter>Objects\Object Component\Rigidbody</Filter>
    </ClCompile>
    <ClCompile Include="Vector2.cpp">
      <Filter>Vector\Vector2</Filter>
    </ClCompile>
    <ClCompile Include="Apperance.cpp">
      <Filter>Objects\Object Component\Apperance</Filter>
    </ClCompile>
    <ClCompile Include="GameObjectClass.cpp" />
    <ClCompile Include="DDSTextureLoader.cpp">
      <Filter>Loader\DDS</Filter>
    </ClCompile>
    <ClCompile Include="ShadowMaps.cpp" />
    <ClCompile Include="GraphicsManager.cpp">
      <Filter>Managers\Graphic Manager</Filter>
    </ClCompile>
    <ClCompile Include="OutputManager.cpp">
      <Filter>Managers\OutputManager</Filter>
    </ClCompile>
    <ClCompile Include="DescriptorHeapHelper.cpp">
      <Filter>Managers\Graphic Manager\ManagerHelpers</Filter>
    </ClCompile>
  </ItemGroup>
  <ItemGroup>
    <ClInclude Include="stdafx.h" />
    <ClInclude Include="ImaginaryObject.h">
      <Filter>Objects\Imaginary Objects</Filter>
    </ClInclude>
    <ClInclude Include="Flotilla.h">
      <Filter>Flotilla</Filter>
    </ClInclude>
    <ClInclude Include="Object.h">
      <Filter>Objects</Filter>
    </ClInclude>
    <ClInclude Include="SystemManager.h">
      <Filter>Managers\System Manager</Filter>
    </ClInclude>
    <ClInclude Include="Structures.h" />
    <ClInclude Include="Transform.h">
      <Filter>Objects\Object Component\Transform</Filter>
    </ClInclude>
    <ClInclude Include="Vector3D.h">
      <Filter>Vector\Vector3D</Filter>
    </ClInclude>
    <ClInclude Include="Camera.h">
      <Filter>Camera</Filter>
    </ClInclude>
    <ClInclude Include="Debug.h">
      <Filter>Debug</Filter>
    </ClInclude>
    <ClInclude Include="ThreadVector.h">
      <Filter>ThreadVector</Filter>
    </ClInclude>
    <ClInclude Include="PhysicalObject.h">
      <Filter>Objects\Physical Object</Filter>
    </ClInclude>
    <ClInclude Include="GameObject.h">
      <Filter>Objects\Game Object</Filter>
    </ClInclude>
    <ClInclude Include="Apperance.h">
      <Filter>Objects\Object Component\Apperance</Filter>
    </ClInclude>
    <ClInclude Include="ParticleModel.h">
      <Filter>Objects\Object Component\Particle Model</Filter>
    </ClInclude>
    <ClInclude Include="RigidBody.h">
      <Filter>Objects\Object Component\Rigidbody</Filter>
    </ClInclude>
    <ClInclude Include="Quaternion.h" />
    <ClInclude Include="Vector2.h">
      <Filter>Vector\Vector2</Filter>
    </ClInclude>
    <ClInclude Include="GameObjectClass.h" />
    <ClInclude Include="DDSTextureLoader.h">
      <Filter>Loader\DDS</Filter>
    </ClInclude>
    <ClInclude Include="NormalCalculations.h" />
    <ClInclude Include="ShadowMaps.h" />
    <ClInclude Include="GraphicsManager.h">
      <Filter>Managers\Graphic Manager</Filter>
    </ClInclude>
    <ClInclude Include="OutputManager.h">
      <Filter>Managers\OutputManager</Filter>
    </ClInclude>
    <ClInclude Include="DescriptorHeapHelper.h">
      <Filter>Managers\Graphic Manager\ManagerHelpers</Filter>
    </ClInclude>
  </ItemGroup>
  <ItemGroup>
    <Filter Include="Camera">
      <UniqueIdentifier>{f46bb2ab-7986-485d-ba78-83bf7cea6d6b}</UniqueIdentifier>
    </Filter>
    <Filter Include="Objects">
      <UniqueIdentifier>{1a7738e6-54b6-4e39-b491-8d97e8206853}</UniqueIdentifier>
    </Filter>
    <Filter Include="Objects\Imaginary Objects">
      <UniqueIdentifier>{d7271aca-65ef-4820-8da0-9ffcfb628af8}</UniqueIdentifier>
    </Filter>
    <Filter Include="Objects\Physical Object">
      <UniqueIdentifier>{4bb86350-211b-4eb0-bb92-ab0fb76a72a5}</UniqueIdentifier>
    </Filter>
    <Filter Include="Flotilla">
      <UniqueIdentifier>{fc0aa855-8e07-4a82-a8de-f95d08ac6797}</UniqueIdentifier>
    </Filter>
    <Filter Include="Loader">
      <UniqueIdentifier>{00b491d3-2789-48a6-8eb6-a364daf2efbc}</UniqueIdentifier>
    </Filter>
    <Filter Include="Objects\Object Component">
      <UniqueIdentifier>{326ddb7f-e775-4c23-a9a6-0fedfea4bccb}</UniqueIdentifier>
    </Filter>
    <Filter Include="Objects\Object Component\Transform">
      <UniqueIdentifier>{a8c77a6b-e673-4f36-933b-d778e8563827}</UniqueIdentifier>
    </Filter>
    <Filter Include="Debug">
      <UniqueIdentifier>{0a8085ee-9045-4f46-9d0d-4688f0f83433}</UniqueIdentifier>
    </Filter>
    <Filter Include="Loader\DDS">
      <UniqueIdentifier>{5f502090-8c42-41a1-ab3a-659ddf99612b}</UniqueIdentifier>
    </Filter>
    <Filter Include="ThreadVector">
      <UniqueIdentifier>{ad0b5506-512e-49c9-a25c-094d35b0eed1}</UniqueIdentifier>
    </Filter>
    <Filter Include="Vector">
      <UniqueIdentifier>{90ec7bfe-3b60-4e38-87aa-dc35a0a56110}</UniqueIdentifier>
    </Filter>
    <Filter Include="Vector\Vector3D">
      <UniqueIdentifier>{6080790a-c3cc-43de-90e9-1ddae8b1922c}</UniqueIdentifier>
    </Filter>
    <Filter Include="Vector\Vector2">
      <UniqueIdentifier>{18c6d442-53b4-41bd-b8aa-b84c2b412914}</UniqueIdentifier>
    </Filter>
    <Filter Include="Objects\Game Object">
      <UniqueIdentifier>{98915446-ae00-421a-88c9-822b0900b67d}</UniqueIdentifier>
    </Filter>
    <Filter Include="Objects\Object Component\Apperance">
      <UniqueIdentifier>{1a2551b7-a8d2-481c-a174-0c7e366490d3}</UniqueIdentifier>
    </Filter>
    <Filter Include="Objects\Object Component\Particle Model">
      <UniqueIdentifier>{f6ee7f49-c866-44e5-91dd-547a7abf9da9}</UniqueIdentifier>
    </Filter>
    <Filter Include="Objects\Object Component\Rigidbody">
      <UniqueIdentifier>{ce3b7b9d-15ce-49bb-9eec-01f3fd862f49}</UniqueIdentifier>
    </Filter>
    <Filter Include="Vertex">
      <UniqueIdentifier>{a951e828-e61f-4795-9e78-7b44ab5c1e13}</UniqueIdentifier>
    </Filter>
    <Filter Include="Managers">
      <UniqueIdentifier>{09c505f7-0170-4d94-9f22-5e43f227587d}</UniqueIdentifier>
    </Filter>
    <Filter Include="Managers\System Manager">
      <UniqueIdentifier>{a2382365-1cee-4042-ad20-d1a21b28063b}</UniqueIdentifier>
    </Filter>
    <Filter Include="Managers\Graphic Manager">
      <UniqueIdentifier>{df1cd0e8-d568-4b0a-8182-bd990a9601e7}</UniqueIdentifier>
    </Filter>
    <Filter Include="Managers\OutputManager">
      <UniqueIdentifier>{2aef767e-6e4a-4f5a-89d5-532b35f84c92}</UniqueIdentifier>
    </Filter>
    <Filter Include="Managers\Graphic Manager\ManagerHelpers">
      <UniqueIdentifier>{36d8206c-73b8-4160-b1ba-2f736f4988b6}</UniqueIdentifier>
    </Filter>
  </ItemGroup>
  <ItemGroup>
    <None Include="LightingUtility.hlsli" />
  </ItemGroup>
</Project>